// !$*UTF8*$!
{
	archiveVersion = 1;
	classes = {
	};
	objectVersion = 50;
	objects = {

/* Begin PBXBuildFile section */
		E143A4162407CBCF00204FD1 /* AppDelegate.swift in Sources */ = {isa = PBXBuildFile; fileRef = E143A4152407CBCF00204FD1 /* AppDelegate.swift */; };
		E143A4182407CBCF00204FD1 /* SceneDelegate.swift in Sources */ = {isa = PBXBuildFile; fileRef = E143A4172407CBCF00204FD1 /* SceneDelegate.swift */; };
		E143A41A2407CBCF00204FD1 /* ViewController.swift in Sources */ = {isa = PBXBuildFile; fileRef = E143A4192407CBCF00204FD1 /* ViewController.swift */; };
		E143A41D2407CBCF00204FD1 /* Main.storyboard in Resources */ = {isa = PBXBuildFile; fileRef = E143A41B2407CBCF00204FD1 /* Main.storyboard */; };
		E143A41F2407CBD000204FD1 /* Assets.xcassets in Resources */ = {isa = PBXBuildFile; fileRef = E143A41E2407CBD000204FD1 /* Assets.xcassets */; };
		E143A4222407CBD000204FD1 /* LaunchScreen.storyboard in Resources */ = {isa = PBXBuildFile; fileRef = E143A4202407CBD000204FD1 /* LaunchScreen.storyboard */; };
		E143A42D2407CBD000204FD1 /* UIApp_assigmentTests.swift in Sources */ = {isa = PBXBuildFile; fileRef = E143A42C2407CBD000204FD1 /* UIApp_assigmentTests.swift */; };
		E143A4382407CBD000204FD1 /* UIApp_assigmentUITests.swift in Sources */ = {isa = PBXBuildFile; fileRef = E143A4372407CBD000204FD1 /* UIApp_assigmentUITests.swift */; };
		E143A4462407D2F300204FD1 /* WelcomeViewController.swift in Sources */ = {isa = PBXBuildFile; fileRef = E143A4452407D2F300204FD1 /* WelcomeViewController.swift */; };
		E143A448240823DD00204FD1 /* SegmentViewController.swift in Sources */ = {isa = PBXBuildFile; fileRef = E143A447240823DD00204FD1 /* SegmentViewController.swift */; };
/* End PBXBuildFile section */

/* Begin PBXContainerItemProxy section */
		E143A4292407CBD000204FD1 /* PBXContainerItemProxy */ = {
			isa = PBXContainerItemProxy;
			containerPortal = E143A40A2407CBCF00204FD1 /* Project object */;
			proxyType = 1;
			remoteGlobalIDString = E143A4112407CBCF00204FD1;
			remoteInfo = UIApp_assigment;
		};
		E143A4342407CBD000204FD1 /* PBXContainerItemProxy */ = {
			isa = PBXContainerItemProxy;
			containerPortal = E143A40A2407CBCF00204FD1 /* Project object */;
			proxyType = 1;
			remoteGlobalIDString = E143A4112407CBCF00204FD1;
			remoteInfo = UIApp_assigment;
		};
/* End PBXContainerItemProxy section */

/* Begin PBXFileReference section */
		E143A4122407CBCF00204FD1 /* UIApp_assigment.app */ = {isa = PBXFileReference; explicitFileType = wrapper.application; includeInIndex = 0; path = UIApp_assigment.app; sourceTree = BUILT_PRODUCTS_DIR; };
		E143A4152407CBCF00204FD1 /* AppDelegate.swift */ = {isa = PBXFileReference; lastKnownFileType = sourcecode.swift; path = AppDelegate.swift; sourceTree = "<group>"; };
		E143A4172407CBCF00204FD1 /* SceneDelegate.swift */ = {isa = PBXFileReference; lastKnownFileType = sourcecode.swift; path = SceneDelegate.swift; sourceTree = "<group>"; };
		E143A4192407CBCF00204FD1 /* ViewController.swift */ = {isa = PBXFileReference; lastKnownFileType = sourcecode.swift; path = ViewController.swift; sourceTree = "<group>"; };
		E143A41C2407CBCF00204FD1 /* Base */ = {isa = PBXFileReference; lastKnownFileType = file.storyboard; name = Base; path = Base.lproj/Main.storyboard; sourceTree = "<group>"; };
		E143A41E2407CBD000204FD1 /* Assets.xcassets */ = {isa = PBXFileReference; lastKnownFileType = folder.assetcatalog; path = Assets.xcassets; sourceTree = "<group>"; };
		E143A4212407CBD000204FD1 /* Base */ = {isa = PBXFileReference; lastKnownFileType = file.storyboard; name = Base; path = Base.lproj/LaunchScreen.storyboard; sourceTree = "<group>"; };
		E143A4232407CBD000204FD1 /* Info.plist */ = {isa = PBXFileReference; lastKnownFileType = text.plist.xml; path = Info.plist; sourceTree = "<group>"; };
		E143A4282407CBD000204FD1 /* UIApp_assigmentTests.xctest */ = {isa = PBXFileReference; explicitFileType = wrapper.cfbundle; includeInIndex = 0; path = UIApp_assigmentTests.xctest; sourceTree = BUILT_PRODUCTS_DIR; };
		E143A42C2407CBD000204FD1 /* UIApp_assigmentTests.swift */ = {isa = PBXFileReference; lastKnownFileType = sourcecode.swift; path = UIApp_assigmentTests.swift; sourceTree = "<group>"; };
		E143A42E2407CBD000204FD1 /* Info.plist */ = {isa = PBXFileReference; lastKnownFileType = text.plist.xml; path = Info.plist; sourceTree = "<group>"; };
		E143A4332407CBD000204FD1 /* UIApp_assigmentUITests.xctest */ = {isa = PBXFileReference; explicitFileType = wrapper.cfbundle; includeInIndex = 0; path = UIApp_assigmentUITests.xctest; sourceTree = BUILT_PRODUCTS_DIR; };
		E143A4372407CBD000204FD1 /* UIApp_assigmentUITests.swift */ = {isa = PBXFileReference; lastKnownFileType = sourcecode.swift; path = UIApp_assigmentUITests.swift; sourceTree = "<group>"; };
		E143A4392407CBD000204FD1 /* Info.plist */ = {isa = PBXFileReference; lastKnownFileType = text.plist.xml; path = Info.plist; sourceTree = "<group>"; };
		E143A4452407D2F300204FD1 /* WelcomeViewController.swift */ = {isa = PBXFileReference; lastKnownFileType = sourcecode.swift; path = WelcomeViewController.swift; sourceTree = "<group>"; };
		E143A447240823DD00204FD1 /* SegmentViewController.swift */ = {isa = PBXFileReference; lastKnownFileType = sourcecode.swift; path = SegmentViewController.swift; sourceTree = "<group>"; };
/* End PBXFileReference section */

/* Begin PBXFrameworksBuildPhase section */
		E143A40F2407CBCF00204FD1 /* Frameworks */ = {
			isa = PBXFrameworksBuildPhase;
			buildActionMask = 2147483647;
			files = (
			);
			runOnlyForDeploymentPostprocessing = 0;
		};
		E143A4252407CBD000204FD1 /* Frameworks */ = {
			isa = PBXFrameworksBuildPhase;
			buildActionMask = 2147483647;
			files = (
			);
			runOnlyForDeploymentPostprocessing = 0;
		};
		E143A4302407CBD000204FD1 /* Frameworks */ = {
			isa = PBXFrameworksBuildPhase;
			buildActionMask = 2147483647;
			files = (
			);
			runOnlyForDeploymentPostprocessing = 0;
		};
/* End PBXFrameworksBuildPhase section */

/* Begin PBXGroup section */
		E143A4092407CBCF00204FD1 = {
			isa = PBXGroup;
			children = (
				E143A4142407CBCF00204FD1 /* UIApp_assigment */,
				E143A42B2407CBD000204FD1 /* UIApp_assigmentTests */,
				E143A4362407CBD000204FD1 /* UIApp_assigmentUITests */,
				E143A4132407CBCF00204FD1 /* Products */,
			);
			sourceTree = "<group>";
		};
		E143A4132407CBCF00204FD1 /* Products */ = {
			isa = PBXGroup;
			children = (
				E143A4122407CBCF00204FD1 /* UIApp_assigment.app */,
				E143A4282407CBD000204FD1 /* UIApp_assigmentTests.xctest */,
				E143A4332407CBD000204FD1 /* UIApp_assigmentUITests.xctest */,
			);
			name = Products;
			sourceTree = "<group>";
		};
		E143A4142407CBCF00204FD1 /* UIApp_assigment */ = {
			isa = PBXGroup;
			children = (
				E143A4152407CBCF00204FD1 /* AppDelegate.swift */,
				E143A4172407CBCF00204FD1 /* SceneDelegate.swift */,
				E143A4192407CBCF00204FD1 /* ViewController.swift */,
				E143A41B2407CBCF00204FD1 /* Main.storyboard */,
				E143A41E2407CBD000204FD1 /* Assets.xcassets */,
				E143A4202407CBD000204FD1 /* LaunchScreen.storyboard */,
				E143A4232407CBD000204FD1 /* Info.plist */,
				E143A4452407D2F300204FD1 /* WelcomeViewController.swift */,
				E143A447240823DD00204FD1 /* SegmentViewController.swift */,
			);
			path = UIApp_assigment;
			sourceTree = "<group>";
		};
		E143A42B2407CBD000204FD1 /* UIApp_assigmentTests */ = {
			isa = PBXGroup;
			children = (
				E143A42C2407CBD000204FD1 /* UIApp_assigmentTests.swift */,
				E143A42E2407CBD000204FD1 /* Info.plist */,
			);
			path = UIApp_assigmentTests;
			sourceTree = "<group>";
		};
		E143A4362407CBD000204FD1 /* UIApp_assigmentUITests */ = {
			isa = PBXGroup;
			children = (
				E143A4372407CBD000204FD1 /* UIApp_assigmentUITests.swift */,
				E143A4392407CBD000204FD1 /* Info.plist */,
			);
			path = UIApp_assigmentUITests;
			sourceTree = "<group>";
		};
/* End PBXGroup section */

/* Begin PBXNativeTarget section */
		E143A4112407CBCF00204FD1 /* UIApp_assigment */ = {
			isa = PBXNativeTarget;
			buildConfigurationList = E143A43C2407CBD000204FD1 /* Build configuration list for PBXNativeTarget "UIApp_assigment" */;
			buildPhases = (
				E143A40E2407CBCF00204FD1 /* Sources */,
				E143A40F2407CBCF00204FD1 /* Frameworks */,
				E143A4102407CBCF00204FD1 /* Resources */,
			);
			buildRules = (
			);
			dependencies = (
			);
			name = UIApp_assigment;
			productName = UIApp_assigment;
			productReference = E143A4122407CBCF00204FD1 /* UIApp_assigment.app */;
			productType = "com.apple.product-type.application";
		};
		E143A4272407CBD000204FD1 /* UIApp_assigmentTests */ = {
			isa = PBXNativeTarget;
			buildConfigurationList = E143A43F2407CBD000204FD1 /* Build configuration list for PBXNativeTarget "UIApp_assigmentTests" */;
			buildPhases = (
				E143A4242407CBD000204FD1 /* Sources */,
				E143A4252407CBD000204FD1 /* Frameworks */,
				E143A4262407CBD000204FD1 /* Resources */,
			);
			buildRules = (
			);
			dependencies = (
				E143A42A2407CBD000204FD1 /* PBXTargetDependency */,
			);
			name = UIApp_assigmentTests;
			productName = UIApp_assigmentTests;
			productReference = E143A4282407CBD000204FD1 /* UIApp_assigmentTests.xctest */;
			productType = "com.apple.product-type.bundle.unit-test";
		};
		E143A4322407CBD000204FD1 /* UIApp_assigmentUITests */ = {
			isa = PBXNativeTarget;
			buildConfigurationList = E143A4422407CBD000204FD1 /* Build configuration list for PBXNativeTarget "UIApp_assigmentUITests" */;
			buildPhases = (
				E143A42F2407CBD000204FD1 /* Sources */,
				E143A4302407CBD000204FD1 /* Frameworks */,
				E143A4312407CBD000204FD1 /* Resources */,
			);
			buildRules = (
			);
			dependencies = (
				E143A4352407CBD000204FD1 /* PBXTargetDependency */,
			);
			name = UIApp_assigmentUITests;
			productName = UIApp_assigmentUITests;
			productReference = E143A4332407CBD000204FD1 /* UIApp_assigmentUITests.xctest */;
			productType = "com.apple.product-type.bundle.ui-testing";
		};
/* End PBXNativeTarget section */

/* Begin PBXProject section */
		E143A40A2407CBCF00204FD1 /* Project object */ = {
			isa = PBXProject;
			attributes = {
				LastSwiftUpdateCheck = 1130;
				LastUpgradeCheck = 1130;
				ORGANIZATIONNAME = "Shreyansh Raj";
				TargetAttributes = {
					E143A4112407CBCF00204FD1 = {
						CreatedOnToolsVersion = 11.3.1;
					};
					E143A4272407CBD000204FD1 = {
						CreatedOnToolsVersion = 11.3.1;
						TestTargetID = E143A4112407CBCF00204FD1;
					};
					E143A4322407CBD000204FD1 = {
						CreatedOnToolsVersion = 11.3.1;
						TestTargetID = E143A4112407CBCF00204FD1;
					};
				};
			};
			buildConfigurationList = E143A40D2407CBCF00204FD1 /* Build configuration list for PBXProject "UIApp_assigment" */;
			compatibilityVersion = "Xcode 9.3";
			developmentRegion = en;
			hasScannedForEncodings = 0;
			knownRegions = (
				en,
				Base,
			);
			mainGroup = E143A4092407CBCF00204FD1;
			productRefGroup = E143A4132407CBCF00204FD1 /* Products */;
			projectDirPath = "";
			projectRoot = "";
			targets = (
				E143A4112407CBCF00204FD1 /* UIApp_assigment */,
				E143A4272407CBD000204FD1 /* UIApp_assigmentTests */,
				E143A4322407CBD000204FD1 /* UIApp_assigmentUITests */,
			);
		};
/* End PBXProject section */

/* Begin PBXResourcesBuildPhase section */
		E143A4102407CBCF00204FD1 /* Resources */ = {
			isa = PBXResourcesBuildPhase;
			buildActionMask = 2147483647;
			files = (
				E143A4222407CBD000204FD1 /* LaunchScreen.storyboard in Resources */,
				E143A41F2407CBD000204FD1 /* Assets.xcassets in Resources */,
				E143A41D2407CBCF00204FD1 /* Main.storyboard in Resources */,
			);
			runOnlyForDeploymentPostprocessing = 0;
		};
		E143A4262407CBD000204FD1 /* Resources */ = {
			isa = PBXResourcesBuildPhase;
			buildActionMask = 2147483647;
			files = (
			);
			runOnlyForDeploymentPostprocessing = 0;
		};
		E143A4312407CBD000204FD1 /* Resources */ = {
			isa = PBXResourcesBuildPhase;
			buildActionMask = 2147483647;
			files = (
			);
			runOnlyForDeploymentPostprocessing = 0;
		};
/* End PBXResourcesBuildPhase section */

/* Begin PBXSourcesBuildPhase section */
		E143A40E2407CBCF00204FD1 /* Sources */ = {
			isa = PBXSourcesBuildPhase;
			buildActionMask = 2147483647;
			files = (
				E143A41A2407CBCF00204FD1 /* ViewController.swift in Sources */,
				E143A4462407D2F300204FD1 /* WelcomeViewController.swift in Sources */,
				E143A448240823DD00204FD1 /* SegmentViewController.swift in Sources */,
				E143A4162407CBCF00204FD1 /* AppDelegate.swift in Sources */,
				E143A4182407CBCF00204FD1 /* SceneDelegate.swift in Sources */,
			);
			runOnlyForDeploymentPostprocessing = 0;
		};
		E143A4242407CBD000204FD1 /* Sources */ = {
			isa = PBXSourcesBuildPhase;
			buildActionMask = 2147483647;
			files = (
				E143A42D2407CBD000204FD1 /* UIApp_assigmentTests.swift in Sources */,
			);
			runOnlyForDeploymentPostprocessing = 0;
		};
		E143A42F2407CBD000204FD1 /* Sources */ = {
			isa = PBXSourcesBuildPhase;
			buildActionMask = 2147483647;
			files = (
				E143A4382407CBD000204FD1 /* UIApp_assigmentUITests.swift in Sources */,
			);
			runOnlyForDeploymentPostprocessing = 0;
		};
/* End PBXSourcesBuildPhase section */

/* Begin PBXTargetDependency section */
		E143A42A2407CBD000204FD1 /* PBXTargetDependency */ = {
			isa = PBXTargetDependency;
			target = E143A4112407CBCF00204FD1 /* UIApp_assigment */;
			targetProxy = E143A4292407CBD000204FD1 /* PBXContainerItemProxy */;
		};
		E143A4352407CBD000204FD1 /* PBXTargetDependency */ = {
			isa = PBXTargetDependency;
			target = E143A4112407CBCF00204FD1 /* UIApp_assigment */;
			targetProxy = E143A4342407CBD000204FD1 /* PBXContainerItemProxy */;
		};
/* End PBXTargetDependency section */

/* Begin PBXVariantGroup section */
		E143A41B2407CBCF00204FD1 /* Main.storyboard */ = {
			isa = PBXVariantGroup;
			children = (
				E143A41C2407CBCF00204FD1 /* Base */,
			);
			name = Main.storyboard;
			sourceTree = "<group>";
		};
		E143A4202407CBD000204FD1 /* LaunchScreen.storyboard */ = {
			isa = PBXVariantGroup;
			children = (
				E143A4212407CBD000204FD1 /* Base */,
			);
			name = LaunchScreen.storyboard;
			sourceTree = "<group>";
		};
/* End PBXVariantGroup section */

/* Begin XCBuildConfiguration section */
		E143A43A2407CBD000204FD1 /* Debug */ = {
			isa = XCBuildConfiguration;
			buildSettings = {
				ALWAYS_SEARCH_USER_PATHS = NO;
				CLANG_ANALYZER_NONNULL = YES;
				CLANG_ANALYZER_NUMBER_OBJECT_CONVERSION = YES_AGGRESSIVE;
				CLANG_CXX_LANGUAGE_STANDARD = "gnu++14";
				CLANG_CXX_LIBRARY = "libc++";
				CLANG_ENABLE_MODULES = YES;
				CLANG_ENABLE_OBJC_ARC = YES;
				CLANG_ENABLE_OBJC_WEAK = YES;
				CLANG_WARN_BLOCK_CAPTURE_AUTORELEASING = YES;
				CLANG_WARN_BOOL_CONVERSION = YES;
				CLANG_WARN_COMMA = YES;
				CLANG_WARN_CONSTANT_CONVERSION = YES;
				CLANG_WARN_DEPRECATED_OBJC_IMPLEMENTATIONS = YES;
				CLANG_WARN_DIRECT_OBJC_ISA_USAGE = YES_ERROR;
				CLANG_WARN_DOCUMENTATION_COMMENTS = YES;
				CLANG_WARN_EMPTY_BODY = YES;
				CLANG_WARN_ENUM_CONVERSION = YES;
				CLANG_WARN_INFINITE_RECURSION = YES;
				CLANG_WARN_INT_CONVERSION = YES;
				CLANG_WARN_NON_LITERAL_NULL_CONVERSION = YES;
				CLANG_WARN_OBJC_IMPLICIT_RETAIN_SELF = YES;
				CLANG_WARN_OBJC_LITERAL_CONVERSION = YES;
				CLANG_WARN_OBJC_ROOT_CLASS = YES_ERROR;
				CLANG_WARN_RANGE_LOOP_ANALYSIS = YES;
				CLANG_WARN_STRICT_PROTOTYPES = YES;
				CLANG_WARN_SUSPICIOUS_MOVE = YES;
				CLANG_WARN_UNGUARDED_AVAILABILITY = YES_AGGRESSIVE;
				CLANG_WARN_UNREACHABLE_CODE = YES;
				CLANG_WARN__DUPLICATE_METHOD_MATCH = YES;
				COPY_PHASE_STRIP = NO;
				DEBUG_INFORMATION_FORMAT = dwarf;
				ENABLE_STRICT_OBJC_MSGSEND = YES;
				ENABLE_TESTABILITY = YES;
				GCC_C_LANGUAGE_STANDARD = gnu11;
				GCC_DYNAMIC_NO_PIC = NO;
				GCC_NO_COMMON_BLOCKS = YES;
				GCC_OPTIMIZATION_LEVEL = 0;
				GCC_PREPROCESSOR_DEFINITIONS = (
					"DEBUG=1",
					"$(inherited)",
				);
				GCC_WARN_64_TO_32_BIT_CONVERSION = YES;
				GCC_WARN_ABOUT_RETURN_TYPE = YES_ERROR;
				GCC_WARN_UNDECLARED_SELECTOR = YES;
				GCC_WARN_UNINITIALIZED_AUTOS = YES_AGGRESSIVE;
				GCC_WARN_UNUSED_FUNCTION = YES;
				GCC_WARN_UNUSED_VARIABLE = YES;
				IPHONEOS_DEPLOYMENT_TARGET = 13.2;
				MTL_ENABLE_DEBUG_INFO = INCLUDE_SOURCE;
				MTL_FAST_MATH = YES;
				ONLY_ACTIVE_ARCH = YES;
				SDKROOT = iphoneos;
				SWIFT_ACTIVE_COMPILATION_CONDITIONS = DEBUG;
				SWIFT_OPTIMIZATION_LEVEL = "-Onone";
			};
			name = Debug;
		};
		E143A43B2407CBD000204FD1 /* Release */ = {
			isa = XCBuildConfiguration;
			buildSettings = {
				ALWAYS_SEARCH_USER_PATHS = NO;
				CLANG_ANALYZER_NONNULL = YES;
				CLANG_ANALYZER_NUMBER_OBJECT_CONVERSION = YES_AGGRESSIVE;
				CLANG_CXX_LANGUAGE_STANDARD = "gnu++14";
				CLANG_CXX_LIBRARY = "libc++";
				CLANG_ENABLE_MODULES = YES;
				CLANG_ENABLE_OBJC_ARC = YES;
				CLANG_ENABLE_OBJC_WEAK = YES;
				CLANG_WARN_BLOCK_CAPTURE_AUTORELEASING = YES;
				CLANG_WARN_BOOL_CONVERSION = YES;
				CLANG_WARN_COMMA = YES;
				CLANG_WARN_CONSTANT_CONVERSION = YES;
				CLANG_WARN_DEPRECATED_OBJC_IMPLEMENTATIONS = YES;
				CLANG_WARN_DIRECT_OBJC_ISA_USAGE = YES_ERROR;
				CLANG_WARN_DOCUMENTATION_COMMENTS = YES;
				CLANG_WARN_EMPTY_BODY = YES;
				CLANG_WARN_ENUM_CONVERSION = YES;
				CLANG_WARN_INFINITE_RECURSION = YES;
				CLANG_WARN_INT_CONVERSION = YES;
				CLANG_WARN_NON_LITERAL_NULL_CONVERSION = YES;
				CLANG_WARN_OBJC_IMPLICIT_RETAIN_SELF = YES;
				CLANG_WARN_OBJC_LITERAL_CONVERSION = YES;
				CLANG_WARN_OBJC_ROOT_CLASS = YES_ERROR;
				CLANG_WARN_RANGE_LOOP_ANALYSIS = YES;
				CLANG_WARN_STRICT_PROTOTYPES = YES;
				CLANG_WARN_SUSPICIOUS_MOVE = YES;
				CLANG_WARN_UNGUARDED_AVAILABILITY = YES_AGGRESSIVE;
				CLANG_WARN_UNREACHABLE_CODE = YES;
				CLANG_WARN__DUPLICATE_METHOD_MATCH = YES;
				COPY_PHASE_STRIP = NO;
				DEBUG_INFORMATION_FORMAT = "dwarf-with-dsym";
				ENABLE_NS_ASSERTIONS = NO;
				ENABLE_STRICT_OBJC_MSGSEND = YES;
				GCC_C_LANGUAGE_STANDARD = gnu11;
				GCC_NO_COMMON_BLOCKS = YES;
				GCC_WARN_64_TO_32_BIT_CONVERSION = YES;
				GCC_WARN_ABOUT_RETURN_TYPE = YES_ERROR;
				GCC_WARN_UNDECLARED_SELECTOR = YES;
				GCC_WARN_UNINITIALIZED_AUTOS = YES_AGGRESSIVE;
				GCC_WARN_UNUSED_FUNCTION = YES;
				GCC_WARN_UNUSED_VARIABLE = YES;
				IPHONEOS_DEPLOYMENT_TARGET = 13.2;
				MTL_ENABLE_DEBUG_INFO = NO;
				MTL_FAST_MATH = YES;
				SDKROOT = iphoneos;
				SWIFT_COMPILATION_MODE = wholemodule;
				SWIFT_OPTIMIZATION_LEVEL = "-O";
				VALIDATE_PRODUCT = YES;
			};
			name = Release;
		};
		E143A43D2407CBD000204FD1 /* Debug */ = {
			isa = XCBuildConfiguration;
			buildSettings = {
				ASSETCATALOG_COMPILER_APPICON_NAME = AppIcon;
				CODE_SIGN_STYLE = Automatic;
				INFOPLIST_FILE = UIApp_assigment/Info.plist;
				LD_RUNPATH_SEARCH_PATHS = (
					"$(inherited)",
					"@executable_path/Frameworks",
				);
				PRODUCT_BUNDLE_IDENTIFIER = "com.shreyansh.UIApp-assigment";
				PRODUCT_NAME = "$(TARGET_NAME)";
				SWIFT_VERSION = 5.0;
				TARGETED_DEVICE_FAMILY = "1,2";
			};
			name = Debug;
		};
		E143A43E2407CBD000204FD1 /* Release */ = {
			isa = XCBuildConfiguration;
			buildSettings = {
				ASSETCATALOG_COMPILER_APPICON_NAME = AppIcon;
				CODE_SIGN_STYLE = Automatic;
				INFOPLIST_FILE = UIApp_assigment/Info.plist;
				LD_RUNPATH_SEARCH_PATHS = (
					"$(inherited)",
					"@executable_path/Frameworks",
				);
				PRODUCT_BUNDLE_IDENTIFIER = "com.shreyansh.UIApp-assigment";
				PRODUCT_NAME = "$(TARGET_NAME)";
				SWIFT_VERSION = 5.0;
				TARGETED_DEVICE_FAMILY = "1,2";
			};
			name = Release;
		};
		E143A4402407CBD000204FD1 /* Debug */ = {
			isa = XCBuildConfiguration;
			buildSettings = {
				ALWAYS_EMBED_SWIFT_STANDARD_LIBRARIES = YES;
				BUNDLE_LOADER = "$(TEST_HOST)";
				CODE_SIGN_STYLE = Automatic;
				INFOPLIST_FILE = UIApp_assigmentTests/Info.plist;
				IPHONEOS_DEPLOYMENT_TARGET = 13.2;
				LD_RUNPATH_SEARCH_PATHS = (
					"$(inherited)",
					"@executable_path/Frameworks",
					"@loader_path/Frameworks",
				);
				PRODUCT_BUNDLE_IDENTIFIER = "com.shreyansh.UIApp-assigmentTests";
				PRODUCT_NAME = "$(TARGET_NAME)";
				SWIFT_VERSION = 5.0;
				TARGETED_DEVICE_FAMILY = "1,2";
				TEST_HOST = "$(BUILT_PRODUCTS_DIR)/UIApp_assigment.app/UIApp_assigment";
			};
			name = Debug;
		};
		E143A4412407CBD000204FD1 /* Release */ = {
			isa = XCBuildConfiguration;
			buildSettings = {
				ALWAYS_EMBED_SWIFT_STANDARD_LIBRARIES = YES;
				BUNDLE_LOADER = "$(TEST_HOST)";
				CODE_SIGN_STYLE = Automatic;
				INFOPLIST_FILE = UIApp_assigmentTests/Info.plist;
				IPHONEOS_DEPLOYMENT_TARGET = 13.2;
				LD_RUNPATH_SEARCH_PATHS = (
					"$(inherited)",
					"@executable_path/Frameworks",
					"@loader_path/Frameworks",
				);
				PRODUCT_BUNDLE_IDENTIFIER = "com.shreyansh.UIApp-assigmentTests";
				PRODUCT_NAME = "$(TARGET_NAME)";
				SWIFT_VERSION = 5.0;
				TARGETED_DEVICE_FAMILY = "1,2";
				TEST_HOST = "$(BUILT_PRODUCTS_DIR)/UIApp_assigment.app/UIApp_assigment";
			};
			name = Release;
		};
		E143A4432407CBD000204FD1 /* Debug */ = {
			isa = XCBuildConfiguration;
			buildSettings = {
				ALWAYS_EMBED_SWIFT_STANDARD_LIBRARIES = YES;
				CODE_SIGN_STYLE = Automatic;
				INFOPLIST_FILE = UIApp_assigmentUITests/Info.plist;
				LD_RUNPATH_SEARCH_PATHS = (
					"$(inherited)",
					"@executable_path/Frameworks",
					"@loader_path/Frameworks",
				);
				PRODUCT_BUNDLE_IDENTIFIER = "com.shreyansh.UIApp-assigmentUITests";
				PRODUCT_NAME = "$(TARGET_NAME)";
				SWIFT_VERSION = 5.0;
				TARGETED_DEVICE_FAMILY = "1,2";
				TEST_TARGET_NAME = UIApp_assigment;
			};
			name = Debug;
		};
		E143A4442407CBD000204FD1 /* Release */ = {
			isa = XCBuildConfiguration;
			buildSettings = {
				ALWAYS_EMBED_SWIFT_STANDARD_LIBRARIES = YES;
				CODE_SIGN_STYLE = Automatic;
				INFOPLIST_FILE = UIApp_assigmentUITests/Info.plist;
				LD_RUNPATH_SEARCH_PATHS = (
					"$(inherited)",
					"@executable_path/Frameworks",
					"@loader_path/Frameworks",
				);
				PRODUCT_BUNDLE_IDENTIFIER = "com.shreyansh.UIApp-assigmentUITests";
				PRODUCT_NAME = "$(TARGET_NAME)";
				SWIFT_VERSION = 5.0;
				TARGETED_DEVICE_FAMILY = "1,2";
				TEST_TARGET_NAME = UIApp_assigment;
			};
			name = Release;
		};
/* End XCBuildConfiguration section */

/* Begin XCConfigurationList section */
		E143A40D2407CBCF00204FD1 /* Build configuration list for PBXProject "UIApp_assigment" */ = {
			isa = XCConfigurationList;
			buildConfigurations = (
				E143A43A2407CBD000204FD1 /* Debug */,
				E143A43B2407CBD000204FD1 /* Release */,
			);
			defaultConfigurationIsVisible = 0;
			defaultConfigurationName = Release;
		};
		E143A43C2407CBD000204FD1 /* Build configuration list for PBXNativeTarget "UIApp_assigment" */ = {
			isa = XCConfigurationList;
			buildConfigurations = (
				E143A43D2407CBD000204FD1 /* Debug */,
				E143A43E2407CBD000204FD1 /* Release */,
			);
			defaultConfigurationIsVisible = 0;
			defaultConfigurationName = Release;
		};
		E143A43F2407CBD000204FD1 /* Build configuration list for PBXNativeTarget "UIApp_assigmentTests" */ = {
			isa = XCConfigurationList;
			buildConfigurations = (
				E143A4402407CBD000204FD1 /* Debug */,
				E143A4412407CBD000204FD1 /* Release */,
			);
			defaultConfigurationIsVisible = 0;
			defaultConfigurationName = Release;
		};
		E143A4422407CBD000204FD1 /* Build configuration list for PBXNativeTarget "UIApp_assigmentUITests" */ = {
			isa = XCConfigurationList;
			buildConfigurations = (
				E143A4432407CBD000204FD1 /* Debug */,
				E143A4442407CBD000204FD1 /* Release */,
			);
			defaultConfigurationIsVisible = 0;
			defaultConfigurationName = Release;
		};
/* End XCConfigurationList section */
	};
	rootObject = E143A40A2407CBCF00204FD1 /* Project object */;
}
